
Microsoft Visual Studio Solution File, Format Version 12.00
# Visual Studio 15
VisualStudioVersion = 15.0.27428.2037
MinimumVisualStudioVersion = 10.0.40219.1
Project("{FAE04EC0-301F-11D3-BF4B-00C04F79EFBC}") = "GeneratingWordTutorial", "GeneratingWordTutorial\GeneratingWordTutorial.csproj", "{4DAAFDE5-5DA3-4013-885D-0DDEAA5BB215}"
EndProject
Global
	GlobalSection(SolutionConfigurationPlatforms) = preSolution
		Debug|Any CPU = Debug|Any CPU
		Release|Any CPU = Release|Any CPU
	EndGlobalSection
	GlobalSection(ProjectConfigurationPlatforms) = postSolution
		{4DAAFDE5-5DA3-4013-885D-0DDEAA5BB215}.Debug|Any CPU.ActiveCfg = Debug|Any CPU
		{4DAAFDE5-5DA3-4013-885D-0DDEAA5BB215}.Debug|Any CPU.Build.0 = Debug|Any CPU
		{4DAAFDE5-5DA3-4013-885D-0DDEAA5BB215}.Release|Any CPU.ActiveCfg = Release|Any CPU
		{4DAAFDE5-5DA3-4013-885D-0DDEAA5BB215}.Release|Any CPU.Build.0 = Release|Any CPU
	EndGlobalSection
	GlobalSection(SolutionProperties) = preSolution
		HideSolutionNode = FALSE
	EndGlobalSection
	GlobalSection(ExtensibilityGlobals) = postSolution
		SolutionGuid = {0E20A519-5090-4EEF-8B56-22FD193C1826}
	EndGlobalSection
EndGlobal
